
Microsoft Visual Studio Solution File, Format Version 12.00
# Visual Studio Version 17
VisualStudioVersion = 17.8.34330.188
MinimumVisualStudioVersion = 10.0.40219.1
Project("{9A19103F-16F7-4668-BE54-9A1E7A4F7556}") = "CleanArchitectureTest", "CleanArchitectureTest\CleanArchitectureTest.csproj", "{4778F9E1-9653-4EF4-A061-75BEB424B74D}"
EndProject
Project("{9A19103F-16F7-4668-BE54-9A1E7A4F7556}") = "CleanArchitectureTest.Application", "CleanArchitectureTest.Application\CleanArchitectureTest.Application.csproj", "{CA43EC0D-DEF3-483B-84A3-0231E9656A91}"
EndProject
Project("{9A19103F-16F7-4668-BE54-9A1E7A4F7556}") = "CleanArchitectureTest.Data", "CleanArchitectureTest.Data\CleanArchitectureTest.Data.csproj", "{F4620115-BE8E-4E02-88F9-CF4B69AD7E87}"
EndProject
Project("{9A19103F-16F7-4668-BE54-9A1E7A4F7556}") = "CleanArchitectureTest.Contracts", "CleanArchitectureTest.Contracts\CleanArchitectureTest.Contracts.csproj", "{95131A92-C09A-4F6F-AC4F-A345C15BEB77}"
EndProject
Project("{9A19103F-16F7-4668-BE54-9A1E7A4F7556}") = "CleanArchitectureTest.Client", "CleanArchitectureTest.Client\CleanArchitectureTest.Client.csproj", "{BE62B3AE-6F9B-4256-9509-99F1C8208CF2}"
EndProject
Global
	GlobalSection(SolutionConfigurationPlatforms) = preSolution
		Debug|Any CPU = Debug|Any CPU
		Release|Any CPU = Release|Any CPU
	EndGlobalSection
	GlobalSection(ProjectConfigurationPlatforms) = postSolution
		{4778F9E1-9653-4EF4-A061-75BEB424B74D}.Debug|Any CPU.ActiveCfg = Debug|Any CPU
		{4778F9E1-9653-4EF4-A061-75BEB424B74D}.Debug|Any CPU.Build.0 = Debug|Any CPU
		{4778F9E1-9653-4EF4-A061-75BEB424B74D}.Release|Any CPU.ActiveCfg = Release|Any CPU
		{4778F9E1-9653-4EF4-A061-75BEB424B74D}.Release|Any CPU.Build.0 = Release|Any CPU
		{CA43EC0D-DEF3-483B-84A3-0231E9656A91}.Debug|Any CPU.ActiveCfg = Debug|Any CPU
		{CA43EC0D-DEF3-483B-84A3-0231E9656A91}.Debug|Any CPU.Build.0 = Debug|Any CPU
		{CA43EC0D-DEF3-483B-84A3-0231E9656A91}.Release|Any CPU.ActiveCfg = Release|Any CPU
		{CA43EC0D-DEF3-483B-84A3-0231E9656A91}.Release|Any CPU.Build.0 = Release|Any CPU
		{F4620115-BE8E-4E02-88F9-CF4B69AD7E87}.Debug|Any CPU.ActiveCfg = Debug|Any CPU
		{F4620115-BE8E-4E02-88F9-CF4B69AD7E87}.Debug|Any CPU.Build.0 = Debug|Any CPU
		{F4620115-BE8E-4E02-88F9-CF4B69AD7E87}.Release|Any CPU.ActiveCfg = Release|Any CPU
		{F4620115-BE8E-4E02-88F9-CF4B69AD7E87}.Release|Any CPU.Build.0 = Release|Any CPU
		{95131A92-C09A-4F6F-AC4F-A345C15BEB77}.Debug|Any CPU.ActiveCfg = Debug|Any CPU
		{95131A92-C09A-4F6F-AC4F-A345C15BEB77}.Debug|Any CPU.Build.0 = Debug|Any CPU
		{95131A92-C09A-4F6F-AC4F-A345C15BEB77}.Release|Any CPU.ActiveCfg = Release|Any CPU
		{95131A92-C09A-4F6F-AC4F-A345C15BEB77}.Release|Any CPU.Build.0 = Release|Any CPU
		{BE62B3AE-6F9B-4256-9509-99F1C8208CF2}.Debug|Any CPU.ActiveCfg = Debug|Any CPU
		{BE62B3AE-6F9B-4256-9509-99F1C8208CF2}.Debug|Any CPU.Build.0 = Debug|Any CPU
		{BE62B3AE-6F9B-4256-9509-99F1C8208CF2}.Release|Any CPU.ActiveCfg = Release|Any CPU
		{BE62B3AE-6F9B-4256-9509-99F1C8208CF2}.Release|Any CPU.Build.0 = Release|Any CPU
	EndGlobalSection
	GlobalSection(SolutionProperties) = preSolution
		HideSolutionNode = FALSE
	EndGlobalSection
	GlobalSection(ExtensibilityGlobals) = postSolution
		SolutionGuid = {767D40C4-941B-497D-84EC-D3524C7B9B02}
	EndGlobalSection
EndGlobal
